
Microsoft Visual Studio Solution File, Format Version 12.00
# Visual Studio Version 17
VisualStudioVersion = 17.7.34202.233
MinimumVisualStudioVersion = 10.0.40219.1
Project("{FAE04EC0-301F-11D3-BF4B-00C04F79EFBC}") = "EmployeePaymentSystem", "EmployeePaymentSystem\EmployeePaymentSystem.csproj", "{A9A9B31E-E58F-4E4B-A310-92AD6086C666}"
EndProject
Project("{FAE04EC0-301F-11D3-BF4B-00C04F79EFBC}") = "EmployeeDAL", "EmployeeDAL\EmployeeDAL.csproj", "{90FDC03E-400B-4775-8898-73CD546894D7}"
EndProject
Global
	GlobalSection(SolutionConfigurationPlatforms) = preSolution
		Debug|Any CPU = Debug|Any CPU
		Release|Any CPU = Release|Any CPU
	EndGlobalSection
	GlobalSection(ProjectConfigurationPlatforms) = postSolution
		{A9A9B31E-E58F-4E4B-A310-92AD6086C666}.Debug|Any CPU.ActiveCfg = Debug|Any CPU
		{A9A9B31E-E58F-4E4B-A310-92AD6086C666}.Debug|Any CPU.Build.0 = Debug|Any CPU
		{A9A9B31E-E58F-4E4B-A310-92AD6086C666}.Release|Any CPU.ActiveCfg = Release|Any CPU
		{A9A9B31E-E58F-4E4B-A310-92AD6086C666}.Release|Any CPU.Build.0 = Release|Any CPU
		{90FDC03E-400B-4775-8898-73CD546894D7}.Debug|Any CPU.ActiveCfg = Debug|Any CPU
		{90FDC03E-400B-4775-8898-73CD546894D7}.Debug|Any CPU.Build.0 = Debug|Any CPU
		{90FDC03E-400B-4775-8898-73CD546894D7}.Release|Any CPU.ActiveCfg = Release|Any CPU
		{90FDC03E-400B-4775-8898-73CD546894D7}.Release|Any CPU.Build.0 = Release|Any CPU
	EndGlobalSection
	GlobalSection(SolutionProperties) = preSolution
		HideSolutionNode = FALSE
	EndGlobalSection
	GlobalSection(ExtensibilityGlobals) = postSolution
		SolutionGuid = {6A19B7C7-E765-41A1-94A4-F5C8C39D7F46}
	EndGlobalSection
EndGlobal
